// !$*UTF8*$!
{
	archiveVersion = 1;
	classes = {
	};
	objectVersion = 56;
	objects = {

/* Begin PBXBuildFile section */
		65F211712BF4B87B009D64D0 /* OnboardingView.swift in Sources */ = {isa = PBXBuildFile; fileRef = 65F211702BF4B87B009D64D0 /* OnboardingView.swift */; };
		65F211732BF4B87F009D64D0 /* AuthView.swift in Sources */ = {isa = PBXBuildFile; fileRef = 65F211722BF4B87F009D64D0 /* AuthView.swift */; };
		65F211752BF4B884009D64D0 /* TabBarView.swift in Sources */ = {isa = PBXBuildFile; fileRef = 65F211742BF4B884009D64D0 /* TabBarView.swift */; };
		65F211782BF4D3DB009D64D0 /* SessionManager.swift in Sources */ = {isa = PBXBuildFile; fileRef = 65F211772BF4D3DB009D64D0 /* SessionManager.swift */; };
		65F2117A2BF4E5A1009D64D0 /* StateManager.swift in Sources */ = {isa = PBXBuildFile; fileRef = 65F211792BF4E5A1009D64D0 /* StateManager.swift */; };
		65F2117D2BF4ECE3009D64D0 /* HomeView.swift in Sources */ = {isa = PBXBuildFile; fileRef = 65F2117C2BF4ECE3009D64D0 /* HomeView.swift */; };
		65F2117F2BF4ED19009D64D0 /* SettingsView.swift in Sources */ = {isa = PBXBuildFile; fileRef = 65F2117E2BF4ED19009D64D0 /* SettingsView.swift */; };
		65F211822BF4F218009D64D0 /* ProfileView.swift in Sources */ = {isa = PBXBuildFile; fileRef = 65F211812BF4F218009D64D0 /* ProfileView.swift */; };
		65F211842BF4F22A009D64D0 /* NotificationsView.swift in Sources */ = {isa = PBXBuildFile; fileRef = 65F211832BF4F22A009D64D0 /* NotificationsView.swift */; };
		65F211872BF5F4E4009D64D0 /* ArticleListItemView.swift in Sources */ = {isa = PBXBuildFile; fileRef = 65F211862BF5F4E4009D64D0 /* ArticleListItemView.swift */; };
		65F211892BF5F512009D64D0 /* Article.swift in Sources */ = {isa = PBXBuildFile; fileRef = 65F211882BF5F512009D64D0 /* Article.swift */; };
		65F2118B2BF5F64E009D64D0 /* ArticleView.swift in Sources */ = {isa = PBXBuildFile; fileRef = 65F2118A2BF5F64E009D64D0 /* ArticleView.swift */; };
		C85099342BF3AA1D0069C64B /* NavigareApp.swift in Sources */ = {isa = PBXBuildFile; fileRef = C85099332BF3AA1D0069C64B /* NavigareApp.swift */; };
		C85099382BF3AA1E0069C64B /* Assets.xcassets in Resources */ = {isa = PBXBuildFile; fileRef = C85099372BF3AA1E0069C64B /* Assets.xcassets */; };
		C850993C2BF3AA1E0069C64B /* Preview Assets.xcassets in Resources */ = {isa = PBXBuildFile; fileRef = C850993B2BF3AA1E0069C64B /* Preview Assets.xcassets */; };
		C85099432BF3AC730069C64B /* AppView.swift in Sources */ = {isa = PBXBuildFile; fileRef = C85099422BF3AC730069C64B /* AppView.swift */; };
		C85099452BF3ACEB0069C64B /* Router.swift in Sources */ = {isa = PBXBuildFile; fileRef = C85099442BF3ACEB0069C64B /* Router.swift */; };
/* End PBXBuildFile section */

/* Begin PBXFileReference section */
		65F211702BF4B87B009D64D0 /* OnboardingView.swift */ = {isa = PBXFileReference; lastKnownFileType = sourcecode.swift; path = OnboardingView.swift; sourceTree = "<group>"; };
		65F211722BF4B87F009D64D0 /* AuthView.swift */ = {isa = PBXFileReference; lastKnownFileType = sourcecode.swift; path = AuthView.swift; sourceTree = "<group>"; };
		65F211742BF4B884009D64D0 /* TabBarView.swift */ = {isa = PBXFileReference; lastKnownFileType = sourcecode.swift; path = TabBarView.swift; sourceTree = "<group>"; };
		65F211772BF4D3DB009D64D0 /* SessionManager.swift */ = {isa = PBXFileReference; lastKnownFileType = sourcecode.swift; path = SessionManager.swift; sourceTree = "<group>"; };
		65F211792BF4E5A1009D64D0 /* StateManager.swift */ = {isa = PBXFileReference; lastKnownFileType = sourcecode.swift; path = StateManager.swift; sourceTree = "<group>"; };
		65F2117C2BF4ECE3009D64D0 /* HomeView.swift */ = {isa = PBXFileReference; lastKnownFileType = sourcecode.swift; path = HomeView.swift; sourceTree = "<group>"; };
		65F2117E2BF4ED19009D64D0 /* SettingsView.swift */ = {isa = PBXFileReference; lastKnownFileType = sourcecode.swift; path = SettingsView.swift; sourceTree = "<group>"; };
		65F211812BF4F218009D64D0 /* ProfileView.swift */ = {isa = PBXFileReference; lastKnownFileType = sourcecode.swift; path = ProfileView.swift; sourceTree = "<group>"; };
		65F211832BF4F22A009D64D0 /* NotificationsView.swift */ = {isa = PBXFileReference; lastKnownFileType = sourcecode.swift; path = NotificationsView.swift; sourceTree = "<group>"; };
		65F211862BF5F4E4009D64D0 /* ArticleListItemView.swift */ = {isa = PBXFileReference; lastKnownFileType = sourcecode.swift; path = ArticleListItemView.swift; sourceTree = "<group>"; };
		65F211882BF5F512009D64D0 /* Article.swift */ = {isa = PBXFileReference; lastKnownFileType = sourcecode.swift; path = Article.swift; sourceTree = "<group>"; };
		65F2118A2BF5F64E009D64D0 /* ArticleView.swift */ = {isa = PBXFileReference; lastKnownFileType = sourcecode.swift; path = ArticleView.swift; sourceTree = "<group>"; };
		C85099302BF3AA1D0069C64B /* navigare.app */ = {isa = PBXFileReference; explicitFileType = wrapper.application; includeInIndex = 0; path = navigare.app; sourceTree = BUILT_PRODUCTS_DIR; };
		C85099332BF3AA1D0069C64B /* NavigareApp.swift */ = {isa = PBXFileReference; lastKnownFileType = sourcecode.swift; path = NavigareApp.swift; sourceTree = "<group>"; };
		C85099372BF3AA1E0069C64B /* Assets.xcassets */ = {isa = PBXFileReference; lastKnownFileType = folder.assetcatalog; path = Assets.xcassets; sourceTree = "<group>"; };
		C85099392BF3AA1E0069C64B /* navigare.entitlements */ = {isa = PBXFileReference; lastKnownFileType = text.plist.entitlements; path = navigare.entitlements; sourceTree = "<group>"; };
		C850993B2BF3AA1E0069C64B /* Preview Assets.xcassets */ = {isa = PBXFileReference; lastKnownFileType = folder.assetcatalog; path = "Preview Assets.xcassets"; sourceTree = "<group>"; };
		C85099422BF3AC730069C64B /* AppView.swift */ = {isa = PBXFileReference; lastKnownFileType = sourcecode.swift; path = AppView.swift; sourceTree = "<group>"; };
		C85099442BF3ACEB0069C64B /* Router.swift */ = {isa = PBXFileReference; lastKnownFileType = sourcecode.swift; path = Router.swift; sourceTree = "<group>"; };
/* End PBXFileReference section */

/* Begin PBXFrameworksBuildPhase section */
		C850992D2BF3AA1D0069C64B /* Frameworks */ = {
			isa = PBXFrameworksBuildPhase;
			buildActionMask = 2147483647;
			files = (
			);
			runOnlyForDeploymentPostprocessing = 0;
		};
/* End PBXFrameworksBuildPhase section */

/* Begin PBXGroup section */
		65F211762BF4D25C009D64D0 /* AppView */ = {
			isa = PBXGroup;
			children = (
				C85099422BF3AC730069C64B /* AppView.swift */,
				65F211702BF4B87B009D64D0 /* OnboardingView.swift */,
				65F211722BF4B87F009D64D0 /* AuthView.swift */,
				65F211742BF4B884009D64D0 /* TabBarView.swift */,
			);
			path = AppView;
			sourceTree = "<group>";
		};
		65F211802BF4F206009D64D0 /* SettingsView */ = {
			isa = PBXGroup;
			children = (
				65F2117E2BF4ED19009D64D0 /* SettingsView.swift */,
				65F211812BF4F218009D64D0 /* ProfileView.swift */,
				65F211832BF4F22A009D64D0 /* NotificationsView.swift */,
			);
			path = SettingsView;
			sourceTree = "<group>";
		};
		65F211852BF4F238009D64D0 /* HomeView */ = {
			isa = PBXGroup;
			children = (
				65F2117C2BF4ECE3009D64D0 /* HomeView.swift */,
				65F211882BF5F512009D64D0 /* Article.swift */,
				65F211862BF5F4E4009D64D0 /* ArticleListItemView.swift */,
				65F2118A2BF5F64E009D64D0 /* ArticleView.swift */,
			);
			path = HomeView;
			sourceTree = "<group>";
		};
		C85099272BF3AA1C0069C64B = {
			isa = PBXGroup;
			children = (
				C85099322BF3AA1D0069C64B /* navigare */,
				C85099312BF3AA1D0069C64B /* Products */,
			);
			sourceTree = "<group>";
		};
		C85099312BF3AA1D0069C64B /* Products */ = {
			isa = PBXGroup;
			children = (
				C85099302BF3AA1D0069C64B /* navigare.app */,
			);
			name = Products;
			sourceTree = "<group>";
		};
		C85099322BF3AA1D0069C64B /* navigare */ = {
			isa = PBXGroup;
			children = (
				C85099332BF3AA1D0069C64B /* NavigareApp.swift */,
				C85099442BF3ACEB0069C64B /* Router.swift */,
				65F211772BF4D3DB009D64D0 /* SessionManager.swift */,
				65F211792BF4E5A1009D64D0 /* StateManager.swift */,
				65F211762BF4D25C009D64D0 /* AppView */,
				65F211852BF4F238009D64D0 /* HomeView */,
				65F211802BF4F206009D64D0 /* SettingsView */,
				C85099372BF3AA1E0069C64B /* Assets.xcassets */,
				C85099392BF3AA1E0069C64B /* navigare.entitlements */,
				C850993A2BF3AA1E0069C64B /* Preview Content */,
			);
			path = navigare;
			sourceTree = "<group>";
		};
		C850993A2BF3AA1E0069C64B /* Preview Content */ = {
			isa = PBXGroup;
			children = (
				C850993B2BF3AA1E0069C64B /* Preview Assets.xcassets */,
			);
			path = "Preview Content";
			sourceTree = "<group>";
		};
/* End PBXGroup section */

/* Begin PBXNativeTarget section */
		C850992F2BF3AA1D0069C64B /* navigare */ = {
			isa = PBXNativeTarget;
			buildConfigurationList = C850993F2BF3AA1E0069C64B /* Build configuration list for PBXNativeTarget "navigare" */;
			buildPhases = (
				C850992C2BF3AA1D0069C64B /* Sources */,
				C850992D2BF3AA1D0069C64B /* Frameworks */,
				C850992E2BF3AA1D0069C64B /* Resources */,
			);
			buildRules = (
			);
			dependencies = (
			);
			name = navigare;
			productName = navigare;
			productReference = C85099302BF3AA1D0069C64B /* navigare.app */;
			productType = "com.apple.product-type.application";
		};
/* End PBXNativeTarget section */

/* Begin PBXProject section */
		C85099282BF3AA1C0069C64B /* Project object */ = {
			isa = PBXProject;
			attributes = {
				BuildIndependentTargetsInParallel = 1;
				LastSwiftUpdateCheck = 1500;
				LastUpgradeCheck = 1520;
				TargetAttributes = {
					C850992F2BF3AA1D0069C64B = {
						CreatedOnToolsVersion = 15.0;
					};
				};
			};
			buildConfigurationList = C850992B2BF3AA1C0069C64B /* Build configuration list for PBXProject "navigare" */;
			compatibilityVersion = "Xcode 14.0";
			developmentRegion = en;
			hasScannedForEncodings = 0;
			knownRegions = (
				en,
				Base,
			);
			mainGroup = C85099272BF3AA1C0069C64B;
			productRefGroup = C85099312BF3AA1D0069C64B /* Products */;
			projectDirPath = "";
			projectRoot = "";
			targets = (
				C850992F2BF3AA1D0069C64B /* navigare */,
			);
		};
/* End PBXProject section */

/* Begin PBXResourcesBuildPhase section */
		C850992E2BF3AA1D0069C64B /* Resources */ = {
			isa = PBXResourcesBuildPhase;
			buildActionMask = 2147483647;
			files = (
				C850993C2BF3AA1E0069C64B /* Preview Assets.xcassets in Resources */,
				C85099382BF3AA1E0069C64B /* Assets.xcassets in Resources */,
			);
			runOnlyForDeploymentPostprocessing = 0;
		};
/* End PBXResourcesBuildPhase section */

/* Begin PBXSourcesBuildPhase section */
		C850992C2BF3AA1D0069C64B /* Sources */ = {
			isa = PBXSourcesBuildPhase;
			buildActionMask = 2147483647;
			files = (
				65F211892BF5F512009D64D0 /* Article.swift in Sources */,
				65F2117D2BF4ECE3009D64D0 /* HomeView.swift in Sources */,
				65F2118B2BF5F64E009D64D0 /* ArticleView.swift in Sources */,
				C85099452BF3ACEB0069C64B /* Router.swift in Sources */,
				65F2117A2BF4E5A1009D64D0 /* StateManager.swift in Sources */,
				65F211752BF4B884009D64D0 /* TabBarView.swift in Sources */,
				65F211732BF4B87F009D64D0 /* AuthView.swift in Sources */,
				65F2117F2BF4ED19009D64D0 /* SettingsView.swift in Sources */,
				C85099342BF3AA1D0069C64B /* NavigareApp.swift in Sources */,
				65F211712BF4B87B009D64D0 /* OnboardingView.swift in Sources */,
				C85099432BF3AC730069C64B /* AppView.swift in Sources */,
				65F211822BF4F218009D64D0 /* ProfileView.swift in Sources */,
				65F211782BF4D3DB009D64D0 /* SessionManager.swift in Sources */,
				65F211872BF5F4E4009D64D0 /* ArticleListItemView.swift in Sources */,
				65F211842BF4F22A009D64D0 /* NotificationsView.swift in Sources */,
			);
			runOnlyForDeploymentPostprocessing = 0;
		};
/* End PBXSourcesBuildPhase section */

/* Begin XCBuildConfiguration section */
		C850993D2BF3AA1E0069C64B /* Debug */ = {
			isa = XCBuildConfiguration;
			buildSettings = {
				ALWAYS_SEARCH_USER_PATHS = NO;
				ASSETCATALOG_COMPILER_GENERATE_SWIFT_ASSET_SYMBOL_EXTENSIONS = YES;
				CLANG_ANALYZER_NONNULL = YES;
				CLANG_ANALYZER_NUMBER_OBJECT_CONVERSION = YES_AGGRESSIVE;
				CLANG_CXX_LANGUAGE_STANDARD = "gnu++20";
				CLANG_ENABLE_MODULES = YES;
				CLANG_ENABLE_OBJC_ARC = YES;
				CLANG_ENABLE_OBJC_WEAK = YES;
				CLANG_WARN_BLOCK_CAPTURE_AUTORELEASING = YES;
				CLANG_WARN_BOOL_CONVERSION = YES;
				CLANG_WARN_COMMA = YES;
				CLANG_WARN_CONSTANT_CONVERSION = YES;
				CLANG_WARN_DEPRECATED_OBJC_IMPLEMENTATIONS = YES;
				CLANG_WARN_DIRECT_OBJC_ISA_USAGE = YES_ERROR;
				CLANG_WARN_DOCUMENTATION_COMMENTS = YES;
				CLANG_WARN_EMPTY_BODY = YES;
				CLANG_WARN_ENUM_CONVERSION = YES;
				CLANG_WARN_INFINITE_RECURSION = YES;
				CLANG_WARN_INT_CONVERSION = YES;
				CLANG_WARN_NON_LITERAL_NULL_CONVERSION = YES;
				CLANG_WARN_OBJC_IMPLICIT_RETAIN_SELF = YES;
				CLANG_WARN_OBJC_LITERAL_CONVERSION = YES;
				CLANG_WARN_OBJC_ROOT_CLASS = YES_ERROR;
				CLANG_WARN_QUOTED_INCLUDE_IN_FRAMEWORK_HEADER = YES;
				CLANG_WARN_RANGE_LOOP_ANALYSIS = YES;
				CLANG_WARN_STRICT_PROTOTYPES = YES;
				CLANG_WARN_SUSPICIOUS_MOVE = YES;
				CLANG_WARN_UNGUARDED_AVAILABILITY = YES_AGGRESSIVE;
				CLANG_WARN_UNREACHABLE_CODE = YES;
				CLANG_WARN__DUPLICATE_METHOD_MATCH = YES;
				COPY_PHASE_STRIP = NO;
				DEAD_CODE_STRIPPING = YES;
				DEBUG_INFORMATION_FORMAT = dwarf;
				ENABLE_STRICT_OBJC_MSGSEND = YES;
				ENABLE_TESTABILITY = YES;
				ENABLE_USER_SCRIPT_SANDBOXING = YES;
				GCC_C_LANGUAGE_STANDARD = gnu17;
				GCC_DYNAMIC_NO_PIC = NO;
				GCC_NO_COMMON_BLOCKS = YES;
				GCC_OPTIMIZATION_LEVEL = 0;
				GCC_PREPROCESSOR_DEFINITIONS = (
					"DEBUG=1",
					"$(inherited)",
				);
				GCC_WARN_64_TO_32_BIT_CONVERSION = YES;
				GCC_WARN_ABOUT_RETURN_TYPE = YES_ERROR;
				GCC_WARN_UNDECLARED_SELECTOR = YES;
				GCC_WARN_UNINITIALIZED_AUTOS = YES_AGGRESSIVE;
				GCC_WARN_UNUSED_FUNCTION = YES;
				GCC_WARN_UNUSED_VARIABLE = YES;
				LOCALIZATION_PREFERS_STRING_CATALOGS = YES;
				MTL_ENABLE_DEBUG_INFO = INCLUDE_SOURCE;
				MTL_FAST_MATH = YES;
				ONLY_ACTIVE_ARCH = YES;
				SWIFT_ACTIVE_COMPILATION_CONDITIONS = "DEBUG $(inherited)";
				SWIFT_OPTIMIZATION_LEVEL = "-Onone";
			};
			name = Debug;
		};
		C850993E2BF3AA1E0069C64B /* Release */ = {
			isa = XCBuildConfiguration;
			buildSettings = {
				ALWAYS_SEARCH_USER_PATHS = NO;
				ASSETCATALOG_COMPILER_GENERATE_SWIFT_ASSET_SYMBOL_EXTENSIONS = YES;
				CLANG_ANALYZER_NONNULL = YES;
				CLANG_ANALYZER_NUMBER_OBJECT_CONVERSION = YES_AGGRESSIVE;
				CLANG_CXX_LANGUAGE_STANDARD = "gnu++20";
				CLANG_ENABLE_MODULES = YES;
				CLANG_ENABLE_OBJC_ARC = YES;
				CLANG_ENABLE_OBJC_WEAK = YES;
				CLANG_WARN_BLOCK_CAPTURE_AUTORELEASING = YES;
				CLANG_WARN_BOOL_CONVERSION = YES;
				CLANG_WARN_COMMA = YES;
				CLANG_WARN_CONSTANT_CONVERSION = YES;
				CLANG_WARN_DEPRECATED_OBJC_IMPLEMENTATIONS = YES;
				CLANG_WARN_DIRECT_OBJC_ISA_USAGE = YES_ERROR;
				CLANG_WARN_DOCUMENTATION_COMMENTS = YES;
				CLANG_WARN_EMPTY_BODY = YES;
				CLANG_WARN_ENUM_CONVERSION = YES;
				CLANG_WARN_INFINITE_RECURSION = YES;
				CLANG_WARN_INT_CONVERSION = YES;
				CLANG_WARN_NON_LITERAL_NULL_CONVERSION = YES;
				CLANG_WARN_OBJC_IMPLICIT_RETAIN_SELF = YES;
				CLANG_WARN_OBJC_LITERAL_CONVERSION = YES;
				CLANG_WARN_OBJC_ROOT_CLASS = YES_ERROR;
				CLANG_WARN_QUOTED_INCLUDE_IN_FRAMEWORK_HEADER = YES;
				CLANG_WARN_RANGE_LOOP_ANALYSIS = YES;
				CLANG_WARN_STRICT_PROTOTYPES = YES;
				CLANG_WARN_SUSPICIOUS_MOVE = YES;
				CLANG_WARN_UNGUARDED_AVAILABILITY = YES_AGGRESSIVE;
				CLANG_WARN_UNREACHABLE_CODE = YES;
				CLANG_WARN__DUPLICATE_METHOD_MATCH = YES;
				COPY_PHASE_STRIP = NO;
				DEAD_CODE_STRIPPING = YES;
				DEBUG_INFORMATION_FORMAT = "dwarf-with-dsym";
				ENABLE_NS_ASSERTIONS = NO;
				ENABLE_STRICT_OBJC_MSGSEND = YES;
				ENABLE_USER_SCRIPT_SANDBOXING = YES;
				GCC_C_LANGUAGE_STANDARD = gnu17;
				GCC_NO_COMMON_BLOCKS = YES;
				GCC_WARN_64_TO_32_BIT_CONVERSION = YES;
				GCC_WARN_ABOUT_RETURN_TYPE = YES_ERROR;
				GCC_WARN_UNDECLARED_SELECTOR = YES;
				GCC_WARN_UNINITIALIZED_AUTOS = YES_AGGRESSIVE;
				GCC_WARN_UNUSED_FUNCTION = YES;
				GCC_WARN_UNUSED_VARIABLE = YES;
				LOCALIZATION_PREFERS_STRING_CATALOGS = YES;
				MTL_ENABLE_DEBUG_INFO = NO;
				MTL_FAST_MATH = YES;
				SWIFT_COMPILATION_MODE = wholemodule;
			};
			name = Release;
		};
		C85099402BF3AA1E0069C64B /* Debug */ = {
			isa = XCBuildConfiguration;
			buildSettings = {
				ASSETCATALOG_COMPILER_APPICON_NAME = AppIcon;
				ASSETCATALOG_COMPILER_GLOBAL_ACCENT_COLOR_NAME = AccentColor;
				CODE_SIGN_ENTITLEMENTS = navigare/navigare.entitlements;
				CODE_SIGN_STYLE = Automatic;
				CURRENT_PROJECT_VERSION = 1;
				DEAD_CODE_STRIPPING = YES;
				DEVELOPMENT_ASSET_PATHS = "\"navigare/Preview Content\"";
				DEVELOPMENT_TEAM = Q2P9VVU3YH;
				ENABLE_HARDENED_RUNTIME = YES;
				ENABLE_PREVIEWS = YES;
				GENERATE_INFOPLIST_FILE = YES;
				"INFOPLIST_KEY_UIApplicationSceneManifest_Generation[sdk=iphoneos*]" = YES;
				"INFOPLIST_KEY_UIApplicationSceneManifest_Generation[sdk=iphonesimulator*]" = YES;
				"INFOPLIST_KEY_UIApplicationSupportsIndirectInputEvents[sdk=iphoneos*]" = YES;
				"INFOPLIST_KEY_UIApplicationSupportsIndirectInputEvents[sdk=iphonesimulator*]" = YES;
				"INFOPLIST_KEY_UILaunchScreen_Generation[sdk=iphoneos*]" = YES;
				"INFOPLIST_KEY_UILaunchScreen_Generation[sdk=iphonesimulator*]" = YES;
				"INFOPLIST_KEY_UIStatusBarStyle[sdk=iphoneos*]" = UIStatusBarStyleDefault;
				"INFOPLIST_KEY_UIStatusBarStyle[sdk=iphonesimulator*]" = UIStatusBarStyleDefault;
				INFOPLIST_KEY_UISupportedInterfaceOrientations_iPad = "UIInterfaceOrientationPortrait UIInterfaceOrientationPortraitUpsideDown UIInterfaceOrientationLandscapeLeft UIInterfaceOrientationLandscapeRight";
				INFOPLIST_KEY_UISupportedInterfaceOrientations_iPhone = "UIInterfaceOrientationPortrait UIInterfaceOrientationLandscapeLeft UIInterfaceOrientationLandscapeRight";
				IPHONEOS_DEPLOYMENT_TARGET = 16.0;
				LD_RUNPATH_SEARCH_PATHS = "@executable_path/Frameworks";
				"LD_RUNPATH_SEARCH_PATHS[sdk=macosx*]" = "@executable_path/../Frameworks";
				MACOSX_DEPLOYMENT_TARGET = 14.0;
				MARKETING_VERSION = 1.0;
				PRODUCT_BUNDLE_IDENTIFIER = co.arasdigital.navigare;
				PRODUCT_NAME = "$(TARGET_NAME)";
				SDKROOT = auto;
				SUPPORTED_PLATFORMS = "iphoneos iphonesimulator macosx";
				SWIFT_EMIT_LOC_STRINGS = YES;
				SWIFT_VERSION = 5.0;
				TARGETED_DEVICE_FAMILY = "1,2";
			};
			name = Debug;
		};
		C85099412BF3AA1E0069C64B /* Release */ = {
			isa = XCBuildConfiguration;
			buildSettings = {
				ASSETCATALOG_COMPILER_APPICON_NAME = AppIcon;
				ASSETCATALOG_COMPILER_GLOBAL_ACCENT_COLOR_NAME = AccentColor;
				CODE_SIGN_ENTITLEMENTS = navigare/navigare.entitlements;
				CODE_SIGN_STYLE = Automatic;
				CURRENT_PROJECT_VERSION = 1;
				DEAD_CODE_STRIPPING = YES;
				DEVELOPMENT_ASSET_PATHS = "\"navigare/Preview Content\"";
				DEVELOPMENT_TEAM = Q2P9VVU3YH;
				ENABLE_HARDENED_RUNTIME = YES;
				ENABLE_PREVIEWS = YES;
				GENERATE_INFOPLIST_FILE = YES;
				"INFOPLIST_KEY_UIApplicationSceneManifest_Generation[sdk=iphoneos*]" = YES;
				"INFOPLIST_KEY_UIApplicationSceneManifest_Generation[sdk=iphonesimulator*]" = YES;
				"INFOPLIST_KEY_UIApplicationSupportsIndirectInputEvents[sdk=iphoneos*]" = YES;
				"INFOPLIST_KEY_UIApplicationSupportsIndirectInputEvents[sdk=iphonesimulator*]" = YES;
				"INFOPLIST_KEY_UILaunchScreen_Generation[sdk=iphoneos*]" = YES;
				"INFOPLIST_KEY_UILaunchScreen_Generation[sdk=iphonesimulator*]" = YES;
				"INFOPLIST_KEY_UIStatusBarStyle[sdk=iphoneos*]" = UIStatusBarStyleDefault;
				"INFOPLIST_KEY_UIStatusBarStyle[sdk=iphonesimulator*]" = UIStatusBarStyleDefault;
				INFOPLIST_KEY_UISupportedInterfaceOrientations_iPad = "UIInterfaceOrientationPortrait UIInterfaceOrientationPortraitUpsideDown UIInterfaceOrientationLandscapeLeft UIInterfaceOrientationLandscapeRight";
				INFOPLIST_KEY_UISupportedInterfaceOrientations_iPhone = "UIInterfaceOrientationPortrait UIInterfaceOrientationLandscapeLeft UIInterfaceOrientationLandscapeRight";
				IPHONEOS_DEPLOYMENT_TARGET = 16.0;
				LD_RUNPATH_SEARCH_PATHS = "@executable_path/Frameworks";
				"LD_RUNPATH_SEARCH_PATHS[sdk=macosx*]" = "@executable_path/../Frameworks";
				MACOSX_DEPLOYMENT_TARGET = 14.0;
				MARKETING_VERSION = 1.0;
				PRODUCT_BUNDLE_IDENTIFIER = co.arasdigital.navigare;
				PRODUCT_NAME = "$(TARGET_NAME)";
				SDKROOT = auto;
				SUPPORTED_PLATFORMS = "iphoneos iphonesimulator macosx";
				SWIFT_EMIT_LOC_STRINGS = YES;
				SWIFT_VERSION = 5.0;
				TARGETED_DEVICE_FAMILY = "1,2";
			};
			name = Release;
		};
/* End XCBuildConfiguration section */

/* Begin XCConfigurationList section */
		C850992B2BF3AA1C0069C64B /* Build configuration list for PBXProject "navigare" */ = {
			isa = XCConfigurationList;
			buildConfigurations = (
				C850993D2BF3AA1E0069C64B /* Debug */,
				C850993E2BF3AA1E0069C64B /* Release */,
			);
			defaultConfigurationIsVisible = 0;
			defaultConfigurationName = Release;
		};
		C850993F2BF3AA1E0069C64B /* Build configuration list for PBXNativeTarget "navigare" */ = {
			isa = XCConfigurationList;
			buildConfigurations = (
				C85099402BF3AA1E0069C64B /* Debug */,
				C85099412BF3AA1E0069C64B /* Release */,
			);
			defaultConfigurationIsVisible = 0;
			defaultConfigurationName = Release;
		};
/* End XCConfigurationList section */
	};
	rootObject = C85099282BF3AA1C0069C64B /* Project object */;
}
